
Microsoft Visual Studio Solution File, Format Version 12.00
# Visual Studio Version 16
VisualStudioVersion = 16.0.31005.135
MinimumVisualStudioVersion = 10.0.40219.1
Project("{FAE04EC0-301F-11D3-BF4B-00C04F79EFBC}") = "wsTest", "wsTest.csproj", "{56D87ACD-F83A-450C-B1CE-4264304DF493}"
EndProject
Global
	GlobalSection(SolutionConfigurationPlatforms) = preSolution
		Debug|Any CPU = Debug|Any CPU
		Release|Any CPU = Release|Any CPU
	EndGlobalSection
	GlobalSection(ProjectConfigurationPlatforms) = postSolution
		{56D87ACD-F83A-450C-B1CE-4264304DF493}.Debug|Any CPU.ActiveCfg = Debug|Any CPU
		{56D87ACD-F83A-450C-B1CE-4264304DF493}.Debug|Any CPU.Build.0 = Debug|Any CPU
		{56D87ACD-F83A-450C-B1CE-4264304DF493}.Release|Any CPU.ActiveCfg = Release|Any CPU
		{56D87ACD-F83A-450C-B1CE-4264304DF493}.Release|Any CPU.Build.0 = Release|Any CPU
	EndGlobalSection
	GlobalSection(SolutionProperties) = preSolution
		HideSolutionNode = FALSE
	EndGlobalSection
	GlobalSection(ExtensibilityGlobals) = postSolution
		SolutionGuid = {9E3EDC86-CECF-44E5-8196-E09C6A478035}
	EndGlobalSection
EndGlobal
